// !$*UTF8*$!
{
	archiveVersion = 1;
	classes = {
	};
	objectVersion = 77;
	objects = {

/* Begin PBXContainerItemProxy section */
		A7622A532E6C07E40038E69B /* PBXContainerItemProxy */ = {
			isa = PBXContainerItemProxy;
			containerPortal = A7622A3A2E6C07E20038E69B /* Project object */;
			proxyType = 1;
			remoteGlobalIDString = A7622A412E6C07E20038E69B;
			remoteInfo = KamiNeko;
		};
		A7622A5D2E6C07E40038E69B /* PBXContainerItemProxy */ = {
			isa = PBXContainerItemProxy;
			containerPortal = A7622A3A2E6C07E20038E69B /* Project object */;
			proxyType = 1;
			remoteGlobalIDString = A7622A412E6C07E20038E69B;
			remoteInfo = KamiNeko;
		};
/* End PBXContainerItemProxy section */

/* Begin PBXFileReference section */
		A7622A422E6C07E20038E69B /* KamiNeko.app */ = {isa = PBXFileReference; explicitFileType = wrapper.application; includeInIndex = 0; path = KamiNeko.app; sourceTree = BUILT_PRODUCTS_DIR; };
		A7622A522E6C07E40038E69B /* KamiNekoTests.xctest */ = {isa = PBXFileReference; explicitFileType = wrapper.cfbundle; includeInIndex = 0; path = KamiNekoTests.xctest; sourceTree = BUILT_PRODUCTS_DIR; };
		A7622A5C2E6C07E40038E69B /* KamiNekoUITests.xctest */ = {isa = PBXFileReference; explicitFileType = wrapper.cfbundle; includeInIndex = 0; path = KamiNekoUITests.xctest; sourceTree = BUILT_PRODUCTS_DIR; };
/* End PBXFileReference section */

/* Begin PBXFileSystemSynchronizedRootGroup section */
		A7622A442E6C07E20038E69B /* KamiNeko */ = {
			isa = PBXFileSystemSynchronizedRootGroup;
			path = KamiNeko;
			sourceTree = "<group>";
		};
		A7622A552E6C07E40038E69B /* KamiNekoTests */ = {
			isa = PBXFileSystemSynchronizedRootGroup;
			path = KamiNekoTests;
			sourceTree = "<group>";
		};
		A7622A5F2E6C07E40038E69B /* KamiNekoUITests */ = {
			isa = PBXFileSystemSynchronizedRootGroup;
			path = KamiNekoUITests;
			sourceTree = "<group>";
		};
/* End PBXFileSystemSynchronizedRootGroup section */

/* Begin PBXFrameworksBuildPhase section */
		A7622A3F2E6C07E20038E69B /* Frameworks */ = {
			isa = PBXFrameworksBuildPhase;
			buildActionMask = 2147483647;
			files = (
			);
			runOnlyForDeploymentPostprocessing = 0;
		};
		A7622A4F2E6C07E40038E69B /* Frameworks */ = {
			isa = PBXFrameworksBuildPhase;
			buildActionMask = 2147483647;
			files = (
			);
			runOnlyForDeploymentPostprocessing = 0;
		};
		A7622A592E6C07E40038E69B /* Frameworks */ = {
			isa = PBXFrameworksBuildPhase;
			buildActionMask = 2147483647;
			files = (
			);
			runOnlyForDeploymentPostprocessing = 0;
		};
/* End PBXFrameworksBuildPhase section */

/* Begin PBXGroup section */
		A7622A392E6C07E20038E69B = {
			isa = PBXGroup;
			children = (
				A7622A442E6C07E20038E69B /* KamiNeko */,
				A7622A552E6C07E40038E69B /* KamiNekoTests */,
				A7622A5F2E6C07E40038E69B /* KamiNekoUITests */,
				A7622A432E6C07E20038E69B /* Products */,
			);
			sourceTree = "<group>";
		};
		A7622A432E6C07E20038E69B /* Products */ = {
			isa = PBXGroup;
			children = (
				A7622A422E6C07E20038E69B /* KamiNeko.app */,
				A7622A522E6C07E40038E69B /* KamiNekoTests.xctest */,
				A7622A5C2E6C07E40038E69B /* KamiNekoUITests.xctest */,
			);
			name = Products;
			sourceTree = "<group>";
		};
/* End PBXGroup section */

/* Begin PBXNativeTarget section */
		A7622A412E6C07E20038E69B /* KamiNeko */ = {
			isa = PBXNativeTarget;
			buildConfigurationList = A7622A662E6C07E40038E69B /* Build configuration list for PBXNativeTarget "KamiNeko" */;
			buildPhases = (
				A7622A3E2E6C07E20038E69B /* Sources */,
				A7622A3F2E6C07E20038E69B /* Frameworks */,
				A7622A402E6C07E20038E69B /* Resources */,
			);
			buildRules = (
			);
			dependencies = (
			);
			fileSystemSynchronizedGroups = (
				A7622A442E6C07E20038E69B /* KamiNeko */,
			);
			name = KamiNeko;
			packageProductDependencies = (
			);
			productName = KamiNeko;
			productReference = A7622A422E6C07E20038E69B /* KamiNeko.app */;
			productType = "com.apple.product-type.application";
		};
		A7622A512E6C07E40038E69B /* KamiNekoTests */ = {
			isa = PBXNativeTarget;
			buildConfigurationList = A7622A692E6C07E40038E69B /* Build configuration list for PBXNativeTarget "KamiNekoTests" */;
			buildPhases = (
				A7622A4E2E6C07E40038E69B /* Sources */,
				A7622A4F2E6C07E40038E69B /* Frameworks */,
				A7622A502E6C07E40038E69B /* Resources */,
			);
			buildRules = (
			);
			dependencies = (
				A7622A542E6C07E40038E69B /* PBXTargetDependency */,
			);
			fileSystemSynchronizedGroups = (
				A7622A552E6C07E40038E69B /* KamiNekoTests */,
			);
			name = KamiNekoTests;
			packageProductDependencies = (
			);
			productName = KamiNekoTests;
			productReference = A7622A522E6C07E40038E69B /* KamiNekoTests.xctest */;
			productType = "com.apple.product-type.bundle.unit-test";
		};
		A7622A5B2E6C07E40038E69B /* KamiNekoUITests */ = {
			isa = PBXNativeTarget;
			buildConfigurationList = A7622A6C2E6C07E40038E69B /* Build configuration list for PBXNativeTarget "KamiNekoUITests" */;
			buildPhases = (
				A7622A582E6C07E40038E69B /* Sources */,
				A7622A592E6C07E40038E69B /* Frameworks */,
				A7622A5A2E6C07E40038E69B /* Resources */,
			);
			buildRules = (
			);
			dependencies = (
				A7622A5E2E6C07E40038E69B /* PBXTargetDependency */,
			);
			fileSystemSynchronizedGroups = (
				A7622A5F2E6C07E40038E69B /* KamiNekoUITests */,
			);
			name = KamiNekoUITests;
			packageProductDependencies = (
			);
			productName = KamiNekoUITests;
			productReference = A7622A5C2E6C07E40038E69B /* KamiNekoUITests.xctest */;
			productType = "com.apple.product-type.bundle.ui-testing";
		};
/* End PBXNativeTarget section */

/* Begin PBXProject section */
		A7622A3A2E6C07E20038E69B /* Project object */ = {
			isa = PBXProject;
			attributes = {
				BuildIndependentTargetsInParallel = 1;
				LastSwiftUpdateCheck = 1640;
				LastUpgradeCheck = 1640;
				TargetAttributes = {
					A7622A412E6C07E20038E69B = {
						CreatedOnToolsVersion = 16.4;
					};
					A7622A512E6C07E40038E69B = {
						CreatedOnToolsVersion = 16.4;
						TestTargetID = A7622A412E6C07E20038E69B;
					};
					A7622A5B2E6C07E40038E69B = {
						CreatedOnToolsVersion = 16.4;
						TestTargetID = A7622A412E6C07E20038E69B;
					};
				};
			};
			buildConfigurationList = A7622A3D2E6C07E20038E69B /* Build configuration list for PBXProject "KamiNeko" */;
			developmentRegion = en;
			hasScannedForEncodings = 0;
			knownRegions = (
				en,
				Base,
			);
			mainGroup = A7622A392E6C07E20038E69B;
			minimizedProjectReferenceProxies = 1;
			preferredProjectObjectVersion = 77;
			productRefGroup = A7622A432E6C07E20038E69B /* Products */;
			projectDirPath = "";
			projectRoot = "";
			targets = (
				A7622A412E6C07E20038E69B /* KamiNeko */,
				A7622A512E6C07E40038E69B /* KamiNekoTests */,
				A7622A5B2E6C07E40038E69B /* KamiNekoUITests */,
			);
		};
/* End PBXProject section */

/* Begin PBXResourcesBuildPhase section */
		A7622A402E6C07E20038E69B /* Resources */ = {
			isa = PBXResourcesBuildPhase;
			buildActionMask = 2147483647;
			files = (
			);
			runOnlyForDeploymentPostprocessing = 0;
		};
		A7622A502E6C07E40038E69B /* Resources */ = {
			isa = PBXResourcesBuildPhase;
			buildActionMask = 2147483647;
			files = (
			);
			runOnlyForDeploymentPostprocessing = 0;
		};
		A7622A5A2E6C07E40038E69B /* Resources */ = {
			isa = PBXResourcesBuildPhase;
			buildActionMask = 2147483647;
			files = (
			);
			runOnlyForDeploymentPostprocessing = 0;
		};
/* End PBXResourcesBuildPhase section */

/* Begin PBXSourcesBuildPhase section */
		A7622A3E2E6C07E20038E69B /* Sources */ = {
			isa = PBXSourcesBuildPhase;
			buildActionMask = 2147483647;
			files = (
			);
			runOnlyForDeploymentPostprocessing = 0;
		};
		A7622A4E2E6C07E40038E69B /* Sources */ = {
			isa = PBXSourcesBuildPhase;
			buildActionMask = 2147483647;
			files = (
			);
			runOnlyForDeploymentPostprocessing = 0;
		};
		A7622A582E6C07E40038E69B /* Sources */ = {
			isa = PBXSourcesBuildPhase;
			buildActionMask = 2147483647;
			files = (
			);
			runOnlyForDeploymentPostprocessing = 0;
		};
/* End PBXSourcesBuildPhase section */

/* Begin PBXTargetDependency section */
		A7622A542E6C07E40038E69B /* PBXTargetDependency */ = {
			isa = PBXTargetDependency;
			target = A7622A412E6C07E20038E69B /* KamiNeko */;
			targetProxy = A7622A532E6C07E40038E69B /* PBXContainerItemProxy */;
		};
		A7622A5E2E6C07E40038E69B /* PBXTargetDependency */ = {
			isa = PBXTargetDependency;
			target = A7622A412E6C07E20038E69B /* KamiNeko */;
			targetProxy = A7622A5D2E6C07E40038E69B /* PBXContainerItemProxy */;
		};
/* End PBXTargetDependency section */

/* Begin XCBuildConfiguration section */
		A7622A642E6C07E40038E69B /* Debug */ = {
			isa = XCBuildConfiguration;
			buildSettings = {
				ALWAYS_SEARCH_USER_PATHS = NO;
				ASSETCATALOG_COMPILER_GENERATE_SWIFT_ASSET_SYMBOL_EXTENSIONS = YES;
				CLANG_ANALYZER_NONNULL = YES;
				CLANG_ANALYZER_NUMBER_OBJECT_CONVERSION = YES_AGGRESSIVE;
				CLANG_CXX_LANGUAGE_STANDARD = "gnu++20";
				CLANG_ENABLE_MODULES = YES;
				CLANG_ENABLE_OBJC_ARC = YES;
				CLANG_ENABLE_OBJC_WEAK = YES;
				CLANG_WARN_BLOCK_CAPTURE_AUTORELEASING = YES;
				CLANG_WARN_BOOL_CONVERSION = YES;
				CLANG_WARN_COMMA = YES;
				CLANG_WARN_CONSTANT_CONVERSION = YES;
				CLANG_WARN_DEPRECATED_OBJC_IMPLEMENTATIONS = YES;
				CLANG_WARN_DIRECT_OBJC_ISA_USAGE = YES_ERROR;
				CLANG_WARN_DOCUMENTATION_COMMENTS = YES;
				CLANG_WARN_EMPTY_BODY = YES;
				CLANG_WARN_ENUM_CONVERSION = YES;
				CLANG_WARN_INFINITE_RECURSION = YES;
				CLANG_WARN_INT_CONVERSION = YES;
				CLANG_WARN_NON_LITERAL_NULL_CONVERSION = YES;
				CLANG_WARN_OBJC_IMPLICIT_RETAIN_SELF = YES;
				CLANG_WARN_OBJC_LITERAL_CONVERSION = YES;
				CLANG_WARN_OBJC_ROOT_CLASS = YES_ERROR;
				CLANG_WARN_QUOTED_INCLUDE_IN_FRAMEWORK_HEADER = YES;
				CLANG_WARN_RANGE_LOOP_ANALYSIS = YES;
				CLANG_WARN_STRICT_PROTOTYPES = YES;
				CLANG_WARN_SUSPICIOUS_MOVE = YES;
				CLANG_WARN_UNGUARDED_AVAILABILITY = YES_AGGRESSIVE;
				CLANG_WARN_UNREACHABLE_CODE = YES;
				CLANG_WARN__DUPLICATE_METHOD_MATCH = YES;
				COPY_PHASE_STRIP = NO;
				DEBUG_INFORMATION_FORMAT = dwarf;
				DEVELOPMENT_TEAM = 83RB4J7H42;
				ENABLE_STRICT_OBJC_MSGSEND = YES;
				ENABLE_TESTABILITY = YES;
				ENABLE_USER_SCRIPT_SANDBOXING = YES;
				GCC_C_LANGUAGE_STANDARD = gnu17;
				GCC_DYNAMIC_NO_PIC = NO;
				GCC_NO_COMMON_BLOCKS = YES;
				GCC_OPTIMIZATION_LEVEL = 0;
				GCC_PREPROCESSOR_DEFINITIONS = (
					"DEBUG=1",
					"$(inherited)",
				);
				GCC_WARN_64_TO_32_BIT_CONVERSION = YES;
				GCC_WARN_ABOUT_RETURN_TYPE = YES_ERROR;
				GCC_WARN_UNDECLARED_SELECTOR = YES;
				GCC_WARN_UNINITIALIZED_AUTOS = YES_AGGRESSIVE;
				GCC_WARN_UNUSED_FUNCTION = YES;
				GCC_WARN_UNUSED_VARIABLE = YES;
				LOCALIZATION_PREFERS_STRING_CATALOGS = YES;
				MACOSX_DEPLOYMENT_TARGET = 15.5;
				MTL_ENABLE_DEBUG_INFO = INCLUDE_SOURCE;
				MTL_FAST_MATH = YES;
				ONLY_ACTIVE_ARCH = YES;
				SDKROOT = macosx;
				SWIFT_ACTIVE_COMPILATION_CONDITIONS = "DEBUG $(inherited)";
				SWIFT_OPTIMIZATION_LEVEL = "-Onone";
			};
			name = Debug;
		};
		A7622A652E6C07E40038E69B /* Release */ = {
			isa = XCBuildConfiguration;
			buildSettings = {
				ALWAYS_SEARCH_USER_PATHS = NO;
				ASSETCATALOG_COMPILER_GENERATE_SWIFT_ASSET_SYMBOL_EXTENSIONS = YES;
				CLANG_ANALYZER_NONNULL = YES;
				CLANG_ANALYZER_NUMBER_OBJECT_CONVERSION = YES_AGGRESSIVE;
				CLANG_CXX_LANGUAGE_STANDARD = "gnu++20";
				CLANG_ENABLE_MODULES = YES;
				CLANG_ENABLE_OBJC_ARC = YES;
				CLANG_ENABLE_OBJC_WEAK = YES;
				CLANG_WARN_BLOCK_CAPTURE_AUTORELEASING = YES;
				CLANG_WARN_BOOL_CONVERSION = YES;
				CLANG_WARN_COMMA = YES;
				CLANG_WARN_CONSTANT_CONVERSION = YES;
				CLANG_WARN_DEPRECATED_OBJC_IMPLEMENTATIONS = YES;
				CLANG_WARN_DIRECT_OBJC_ISA_USAGE = YES_ERROR;
				CLANG_WARN_DOCUMENTATION_COMMENTS = YES;
				CLANG_WARN_EMPTY_BODY = YES;
				CLANG_WARN_ENUM_CONVERSION = YES;
				CLANG_WARN_INFINITE_RECURSION = YES;
				CLANG_WARN_INT_CONVERSION = YES;
				CLANG_WARN_NON_LITERAL_NULL_CONVERSION = YES;
				CLANG_WARN_OBJC_IMPLICIT_RETAIN_SELF = YES;
				CLANG_WARN_OBJC_LITERAL_CONVERSION = YES;
				CLANG_WARN_OBJC_ROOT_CLASS = YES_ERROR;
				CLANG_WARN_QUOTED_INCLUDE_IN_FRAMEWORK_HEADER = YES;
				CLANG_WARN_RANGE_LOOP_ANALYSIS = YES;
				CLANG_WARN_STRICT_PROTOTYPES = YES;
				CLANG_WARN_SUSPICIOUS_MOVE = YES;
				CLANG_WARN_UNGUARDED_AVAILABILITY = YES_AGGRESSIVE;
				CLANG_WARN_UNREACHABLE_CODE = YES;
				CLANG_WARN__DUPLICATE_METHOD_MATCH = YES;
				COPY_PHASE_STRIP = NO;
				DEBUG_INFORMATION_FORMAT = "dwarf-with-dsym";
				DEVELOPMENT_TEAM = 83RB4J7H42;
				ENABLE_NS_ASSERTIONS = NO;
				ENABLE_STRICT_OBJC_MSGSEND = YES;
				ENABLE_USER_SCRIPT_SANDBOXING = YES;
				GCC_C_LANGUAGE_STANDARD = gnu17;
				GCC_NO_COMMON_BLOCKS = YES;
				GCC_WARN_64_TO_32_BIT_CONVERSION = YES;
				GCC_WARN_ABOUT_RETURN_TYPE = YES_ERROR;
				GCC_WARN_UNDECLARED_SELECTOR = YES;
				GCC_WARN_UNINITIALIZED_AUTOS = YES_AGGRESSIVE;
				GCC_WARN_UNUSED_FUNCTION = YES;
				GCC_WARN_UNUSED_VARIABLE = YES;
				LOCALIZATION_PREFERS_STRING_CATALOGS = YES;
				MACOSX_DEPLOYMENT_TARGET = 15.5;
				MTL_ENABLE_DEBUG_INFO = NO;
				MTL_FAST_MATH = YES;
				SDKROOT = macosx;
				SWIFT_COMPILATION_MODE = wholemodule;
			};
			name = Release;
		};
		A7622A672E6C07E40038E69B /* Debug */ = {
			isa = XCBuildConfiguration;
			buildSettings = {
				ASSETCATALOG_COMPILER_APPICON_NAME = AppIcon;
				ASSETCATALOG_COMPILER_GLOBAL_ACCENT_COLOR_NAME = AccentColor;
				CODE_SIGN_ENTITLEMENTS = KamiNeko/KamiNeko.entitlements;
				CODE_SIGN_STYLE = Automatic;
				COMBINE_HIDPI_IMAGES = YES;
				CURRENT_PROJECT_VERSION = 1;
				DEVELOPMENT_TEAM = 83RB4J7H42;
				ENABLE_HARDENED_RUNTIME = YES;
				ENABLE_PREVIEWS = YES;
				GENERATE_INFOPLIST_FILE = YES;
				INFOPLIST_KEY_NSHumanReadableCopyright = "";
				LD_RUNPATH_SEARCH_PATHS = (
					"$(inherited)",
					"@executable_path/../Frameworks",
				);
				MACOSX_DEPLOYMENT_TARGET = 14.0;
				MARKETING_VERSION = 1.0;
				PRODUCT_BUNDLE_IDENTIFIER = com.cheyan.KamiNeko;
				PRODUCT_NAME = "$(TARGET_NAME)";
				REGISTER_APP_GROUPS = YES;
				SWIFT_EMIT_LOC_STRINGS = YES;
				SWIFT_VERSION = 5.0;
			};
			name = Debug;
		};
		A7622A682E6C07E40038E69B /* Release */ = {
			isa = XCBuildConfiguration;
			buildSettings = {
				ASSETCATALOG_COMPILER_APPICON_NAME = AppIcon;
				ASSETCATALOG_COMPILER_GLOBAL_ACCENT_COLOR_NAME = AccentColor;
				CODE_SIGN_ENTITLEMENTS = KamiNeko/KamiNeko.entitlements;
				CODE_SIGN_STYLE = Automatic;
				COMBINE_HIDPI_IMAGES = YES;
				CURRENT_PROJECT_VERSION = 1;
				DEVELOPMENT_TEAM = 83RB4J7H42;
				ENABLE_HARDENED_RUNTIME = YES;
				ENABLE_PREVIEWS = YES;
				GENERATE_INFOPLIST_FILE = YES;
				INFOPLIST_KEY_NSHumanReadableCopyright = "";
				LD_RUNPATH_SEARCH_PATHS = (
					"$(inherited)",
					"@executable_path/../Frameworks",
				);
				MACOSX_DEPLOYMENT_TARGET = 14.0;
				MARKETING_VERSION = 1.0;
				PRODUCT_BUNDLE_IDENTIFIER = com.cheyan.KamiNeko;
				PRODUCT_NAME = "$(TARGET_NAME)";
				REGISTER_APP_GROUPS = YES;
				SWIFT_EMIT_LOC_STRINGS = YES;
				SWIFT_VERSION = 5.0;
			};
			name = Release;
		};
		A7622A6A2E6C07E40038E69B /* Debug */ = {
			isa = XCBuildConfiguration;
			buildSettings = {
				BUNDLE_LOADER = "$(TEST_HOST)";
				CODE_SIGN_STYLE = Automatic;
				CURRENT_PROJECT_VERSION = 1;
				DEVELOPMENT_TEAM = 83RB4J7H42;
				GENERATE_INFOPLIST_FILE = YES;
				MACOSX_DEPLOYMENT_TARGET = 14.0;
				MARKETING_VERSION = 1.0;
				PRODUCT_BUNDLE_IDENTIFIER = com.cheyan.KamiNekoTests;
				PRODUCT_NAME = "$(TARGET_NAME)";
				SWIFT_EMIT_LOC_STRINGS = NO;
				SWIFT_VERSION = 5.0;
				TEST_HOST = "$(BUILT_PRODUCTS_DIR)/KamiNeko.app/$(BUNDLE_EXECUTABLE_FOLDER_PATH)/KamiNeko";
			};
			name = Debug;
		};
		A7622A6B2E6C07E40038E69B /* Release */ = {
			isa = XCBuildConfiguration;
			buildSettings = {
				BUNDLE_LOADER = "$(TEST_HOST)";
				CODE_SIGN_STYLE = Automatic;
				CURRENT_PROJECT_VERSION = 1;
				DEVELOPMENT_TEAM = 83RB4J7H42;
				GENERATE_INFOPLIST_FILE = YES;
				MACOSX_DEPLOYMENT_TARGET = 14.0;
				MARKETING_VERSION = 1.0;
				PRODUCT_BUNDLE_IDENTIFIER = com.cheyan.KamiNekoTests;
				PRODUCT_NAME = "$(TARGET_NAME)";
				SWIFT_EMIT_LOC_STRINGS = NO;
				SWIFT_VERSION = 5.0;
				TEST_HOST = "$(BUILT_PRODUCTS_DIR)/KamiNeko.app/$(BUNDLE_EXECUTABLE_FOLDER_PATH)/KamiNeko";
			};
			name = Release;
		};
		A7622A6D2E6C07E40038E69B /* Debug */ = {
			isa = XCBuildConfiguration;
			buildSettings = {
				CODE_SIGN_STYLE = Automatic;
				CURRENT_PROJECT_VERSION = 1;
				DEVELOPMENT_TEAM = 83RB4J7H42;
				GENERATE_INFOPLIST_FILE = YES;
				MARKETING_VERSION = 1.0;
				PRODUCT_BUNDLE_IDENTIFIER = com.cheyan.KamiNekoUITests;
				PRODUCT_NAME = "$(TARGET_NAME)";
				SWIFT_EMIT_LOC_STRINGS = NO;
				SWIFT_VERSION = 5.0;
				TEST_TARGET_NAME = KamiNeko;
			};
			name = Debug;
		};
		A7622A6E2E6C07E40038E69B /* Release */ = {
			isa = XCBuildConfiguration;
			buildSettings = {
				CODE_SIGN_STYLE = Automatic;
				CURRENT_PROJECT_VERSION = 1;
				DEVELOPMENT_TEAM = 83RB4J7H42;
				GENERATE_INFOPLIST_FILE = YES;
				MARKETING_VERSION = 1.0;
				PRODUCT_BUNDLE_IDENTIFIER = com.cheyan.KamiNekoUITests;
				PRODUCT_NAME = "$(TARGET_NAME)";
				SWIFT_EMIT_LOC_STRINGS = NO;
				SWIFT_VERSION = 5.0;
				TEST_TARGET_NAME = KamiNeko;
			};
			name = Release;
		};
/* End XCBuildConfiguration section */

/* Begin XCConfigurationList section */
		A7622A3D2E6C07E20038E69B /* Build configuration list for PBXProject "KamiNeko" */ = {
			isa = XCConfigurationList;
			buildConfigurations = (
				A7622A642E6C07E40038E69B /* Debug */,
				A7622A652E6C07E40038E69B /* Release */,
			);
			defaultConfigurationIsVisible = 0;
			defaultConfigurationName = Release;
		};
		A7622A662E6C07E40038E69B /* Build configuration list for PBXNativeTarget "KamiNeko" */ = {
			isa = XCConfigurationList;
			buildConfigurations = (
				A7622A672E6C07E40038E69B /* Debug */,
				A7622A682E6C07E40038E69B /* Release */,
			);
			defaultConfigurationIsVisible = 0;
			defaultConfigurationName = Release;
		};
		A7622A692E6C07E40038E69B /* Build configuration list for PBXNativeTarget "KamiNekoTests" */ = {
			isa = XCConfigurationList;
			buildConfigurations = (
				A7622A6A2E6C07E40038E69B /* Debug */,
				A7622A6B2E6C07E40038E69B /* Release */,
			);
			defaultConfigurationIsVisible = 0;
			defaultConfigurationName = Release;
		};
		A7622A6C2E6C07E40038E69B /* Build configuration list for PBXNativeTarget "KamiNekoUITests" */ = {
			isa = XCConfigurationList;
			buildConfigurations = (
				A7622A6D2E6C07E40038E69B /* Debug */,
				A7622A6E2E6C07E40038E69B /* Release */,
			);
			defaultConfigurationIsVisible = 0;
			defaultConfigurationName = Release;
		};
/* End XCConfigurationList section */
	};
	rootObject = A7622A3A2E6C07E20038E69B /* Project object */;
}
